// !$*UTF8*$!
{
	archiveVersion = 1;
	classes = {
	};
	objectVersion = 46;
	objects = {

/* Begin PBXBuildFile section */
		6F34667B1D566E8400862CD5 /* AppDelegate.swift in Sources */ = {isa = PBXBuildFile; fileRef = 6F34667A1D566E8400862CD5 /* AppDelegate.swift */; };
		6F34667D1D566E8400862CD5 /* ViewController.swift in Sources */ = {isa = PBXBuildFile; fileRef = 6F34667C1D566E8400862CD5 /* ViewController.swift */; };
		6F3466801D566E8400862CD5 /* Main.storyboard in Resources */ = {isa = PBXBuildFile; fileRef = 6F34667E1D566E8400862CD5 /* Main.storyboard */; };
		6F3466821D566E8400862CD5 /* Assets.xcassets in Resources */ = {isa = PBXBuildFile; fileRef = 6F3466811D566E8400862CD5 /* Assets.xcassets */; };
		6F3466851D566E8400862CD5 /* LaunchScreen.storyboard in Resources */ = {isa = PBXBuildFile; fileRef = 6F3466831D566E8400862CD5 /* LaunchScreen.storyboard */; };
		6F3466901D566E8400862CD5 /* FlashlightTests.swift in Sources */ = {isa = PBXBuildFile; fileRef = 6F34668F1D566E8400862CD5 /* FlashlightTests.swift */; };
/* End PBXBuildFile section */

/* Begin PBXContainerItemProxy section */
		6F34668C1D566E8400862CD5 /* PBXContainerItemProxy */ = {
			isa = PBXContainerItemProxy;
			containerPortal = 6F34666F1D566E8300862CD5 /* Project object */;
			proxyType = 1;
			remoteGlobalIDString = 6F3466761D566E8400862CD5;
			remoteInfo = Flashlight;
		};
/* End PBXContainerItemProxy section */

/* Begin PBXFileReference section */
		6F3466771D566E8400862CD5 /* Flashlight.app */ = {isa = PBXFileReference; explicitFileType = wrapper.application; includeInIndex = 0; path = Flashlight.app; sourceTree = BUILT_PRODUCTS_DIR; };
		6F34667A1D566E8400862CD5 /* AppDelegate.swift */ = {isa = PBXFileReference; lastKnownFileType = sourcecode.swift; path = AppDelegate.swift; sourceTree = "<group>"; };
		6F34667C1D566E8400862CD5 /* ViewController.swift */ = {isa = PBXFileReference; lastKnownFileType = sourcecode.swift; path = ViewController.swift; sourceTree = "<group>"; };
		6F34667F1D566E8400862CD5 /* Base */ = {isa = PBXFileReference; lastKnownFileType = file.storyboard; name = Base; path = Base.lproj/Main.storyboard; sourceTree = "<group>"; };
		6F3466811D566E8400862CD5 /* Assets.xcassets */ = {isa = PBXFileReference; lastKnownFileType = folder.assetcatalog; path = Assets.xcassets; sourceTree = "<group>"; };
		6F3466841D566E8400862CD5 /* Base */ = {isa = PBXFileReference; lastKnownFileType = file.storyboard; name = Base; path = Base.lproj/LaunchScreen.storyboard; sourceTree = "<group>"; };
		6F3466861D566E8400862CD5 /* Info.plist */ = {isa = PBXFileReference; lastKnownFileType = text.plist.xml; path = Info.plist; sourceTree = "<group>"; };
		6F34668B1D566E8400862CD5 /* FlashlightTests.xctest */ = {isa = PBXFileReference; explicitFileType = wrapper.cfbundle; includeInIndex = 0; path = FlashlightTests.xctest; sourceTree = BUILT_PRODUCTS_DIR; };
		6F34668F1D566E8400862CD5 /* FlashlightTests.swift */ = {isa = PBXFileReference; lastKnownFileType = sourcecode.swift; path = FlashlightTests.swift; sourceTree = "<group>"; };
		6F3466911D566E8400862CD5 /* Info.plist */ = {isa = PBXFileReference; lastKnownFileType = text.plist.xml; path = Info.plist; sourceTree = "<group>"; };
/* End PBXFileReference section */

/* Begin PBXFrameworksBuildPhase section */
		6F3466741D566E8400862CD5 /* Frameworks */ = {
			isa = PBXFrameworksBuildPhase;
			buildActionMask = 2147483647;
			files = (
			);
			runOnlyForDeploymentPostprocessing = 0;
		};
		6F3466881D566E8400862CD5 /* Frameworks */ = {
			isa = PBXFrameworksBuildPhase;
			buildActionMask = 2147483647;
			files = (
			);
			runOnlyForDeploymentPostprocessing = 0;
		};
/* End PBXFrameworksBuildPhase section */

/* Begin PBXGroup section */
		6F34666E1D566E8300862CD5 = {
			isa = PBXGroup;
			children = (
				6F3466791D566E8400862CD5 /* Flashlight */,
				6F34668E1D566E8400862CD5 /* FlashlightTests */,
				6F3466781D566E8400862CD5 /* Products */,
			);
			sourceTree = "<group>";
		};
		6F3466781D566E8400862CD5 /* Products */ = {
			isa = PBXGroup;
			children = (
				6F3466771D566E8400862CD5 /* Flashlight.app */,
				6F34668B1D566E8400862CD5 /* FlashlightTests.xctest */,
			);
			name = Products;
			sourceTree = "<group>";
		};
		6F3466791D566E8400862CD5 /* Flashlight */ = {
			isa = PBXGroup;
			children = (
				6F34667A1D566E8400862CD5 /* AppDelegate.swift */,
				6F34667C1D566E8400862CD5 /* ViewController.swift */,
				6F34667E1D566E8400862CD5 /* Main.storyboard */,
				6F3466811D566E8400862CD5 /* Assets.xcassets */,
				6F3466831D566E8400862CD5 /* LaunchScreen.storyboard */,
				6F3466861D566E8400862CD5 /* Info.plist */,
			);
			path = Flashlight;
			sourceTree = "<group>";
		};
		6F34668E1D566E8400862CD5 /* FlashlightTests */ = {
			isa = PBXGroup;
			children = (
				6F34668F1D566E8400862CD5 /* FlashlightTests.swift */,
				6F3466911D566E8400862CD5 /* Info.plist */,
			);
			path = FlashlightTests;
			sourceTree = "<group>";
		};
/* End PBXGroup section */

/* Begin PBXNativeTarget section */
		6F3466761D566E8400862CD5 /* Flashlight */ = {
			isa = PBXNativeTarget;
			buildConfigurationList = 6F3466941D566E8400862CD5 /* Build configuration list for PBXNativeTarget "Flashlight" */;
			buildPhases = (
				6F3466731D566E8400862CD5 /* Sources */,
				6F3466741D566E8400862CD5 /* Frameworks */,
				6F3466751D566E8400862CD5 /* Resources */,
			);
			buildRules = (
			);
			dependencies = (
			);
			name = Flashlight;
			productName = Flashlight;
			productReference = 6F3466771D566E8400862CD5 /* Flashlight.app */;
			productType = "com.apple.product-type.application";
		};
		6F34668A1D566E8400862CD5 /* FlashlightTests */ = {
			isa = PBXNativeTarget;
			buildConfigurationList = 6F3466971D566E8400862CD5 /* Build configuration list for PBXNativeTarget "FlashlightTests" */;
			buildPhases = (
				6F3466871D566E8400862CD5 /* Sources */,
				6F3466881D566E8400862CD5 /* Frameworks */,
				6F3466891D566E8400862CD5 /* Resources */,
			);
			buildRules = (
			);
			dependencies = (
				6F34668D1D566E8400862CD5 /* PBXTargetDependency */,
			);
			name = FlashlightTests;
			productName = FlashlightTests;
			productReference = 6F34668B1D566E8400862CD5 /* FlashlightTests.xctest */;
			productType = "com.apple.product-type.bundle.unit-test";
		};
/* End PBXNativeTarget section */

/* Begin PBXProject section */
		6F34666F1D566E8300862CD5 /* Project object */ = {
			isa = PBXProject;
			attributes = {
				LastSwiftUpdateCheck = 0730;
				LastUpgradeCheck = 0730;
				ORGANIZATIONNAME = "___sks6___";
				TargetAttributes = {
					6F3466761D566E8400862CD5 = {
						CreatedOnToolsVersion = 7.3.1;
						DevelopmentTeam = JKMGFXJ594;
					};
					6F34668A1D566E8400862CD5 = {
						CreatedOnToolsVersion = 7.3.1;
						TestTargetID = 6F3466761D566E8400862CD5;
					};
				};
			};
			buildConfigurationList = 6F3466721D566E8300862CD5 /* Build configuration list for PBXProject "Flashlight" */;
			compatibilityVersion = "Xcode 3.2";
			developmentRegion = English;
			hasScannedForEncodings = 0;
			knownRegions = (
				en,
				Base,
			);
			mainGroup = 6F34666E1D566E8300862CD5;
			productRefGroup = 6F3466781D566E8400862CD5 /* Products */;
			projectDirPath = "";
			projectRoot = "";
			targets = (
				6F3466761D566E8400862CD5 /* Flashlight */,
				6F34668A1D566E8400862CD5 /* FlashlightTests */,
			);
		};
/* End PBXProject section */

/* Begin PBXResourcesBuildPhase section */
		6F3466751D566E8400862CD5 /* Resources */ = {
			isa = PBXResourcesBuildPhase;
			buildActionMask = 2147483647;
			files = (
				6F3466851D566E8400862CD5 /* LaunchScreen.storyboard in Resources */,
				6F3466821D566E8400862CD5 /* Assets.xcassets in Resources */,
				6F3466801D566E8400862CD5 /* Main.storyboard in Resources */,
			);
			runOnlyForDeploymentPostprocessing = 0;
		};
		6F3466891D566E8400862CD5 /* Resources */ = {
			isa = PBXResourcesBuildPhase;
			buildActionMask = 2147483647;
			files = (
			);
			runOnlyForDeploymentPostprocessing = 0;
		};
/* End PBXResourcesBuildPhase section */

/* Begin PBXSourcesBuildPhase section */
		6F3466731D566E8400862CD5 /* Sources */ = {
			isa = PBXSourcesBuildPhase;
			buildActionMask = 2147483647;
			files = (
				6F34667D1D566E8400862CD5 /* ViewController.swift in Sources */,
				6F34667B1D566E8400862CD5 /* AppDelegate.swift in Sources */,
			);
			runOnlyForDeploymentPostprocessing = 0;
		};
		6F3466871D566E8400862CD5 /* Sources */ = {
			isa = PBXSourcesBuildPhase;
			buildActionMask = 2147483647;
			files = (
				6F3466901D566E8400862CD5 /* FlashlightTests.swift in Sources */,
			);
			runOnlyForDeploymentPostprocessing = 0;
		};
/* End PBXSourcesBuildPhase section */

/* Begin PBXTargetDependency section */
		6F34668D1D566E8400862CD5 /* PBXTargetDependency */ = {
			isa = PBXTargetDependency;
			target = 6F3466761D566E8400862CD5 /* Flashlight */;
			targetProxy = 6F34668C1D566E8400862CD5 /* PBXContainerItemProxy */;
		};
/* End PBXTargetDependency section */

/* Begin PBXVariantGroup section */
		6F34667E1D566E8400862CD5 /* Main.storyboard */ = {
			isa = PBXVariantGroup;
			children = (
				6F34667F1D566E8400862CD5 /* Base */,
			);
			name = Main.storyboard;
			sourceTree = "<group>";
		};
		6F3466831D566E8400862CD5 /* LaunchScreen.storyboard */ = {
			isa = PBXVariantGroup;
			children = (
				6F3466841D566E8400862CD5 /* Base */,
			);
			name = LaunchScreen.storyboard;
			sourceTree = "<group>";
		};
/* End PBXVariantGroup section */

/* Begin XCBuildConfiguration section */
		6F3466921D566E8400862CD5 /* Debug */ = {
			isa = XCBuildConfiguration;
			buildSettings = {
				ALWAYS_SEARCH_USER_PATHS = NO;
				CLANG_ANALYZER_NONNULL = YES;
				CLANG_CXX_LANGUAGE_STANDARD = "gnu++0x";
				CLANG_CXX_LIBRARY = "libc++";
				CLANG_ENABLE_MODULES = YES;
				CLANG_ENABLE_OBJC_ARC = YES;
				CLANG_WARN_BOOL_CONVERSION = YES;
				CLANG_WARN_CONSTANT_CONVERSION = YES;
				CLANG_WARN_DIRECT_OBJC_ISA_USAGE = YES_ERROR;
				CLANG_WARN_EMPTY_BODY = YES;
				CLANG_WARN_ENUM_CONVERSION = YES;
				CLANG_WARN_INT_CONVERSION = YES;
				CLANG_WARN_OBJC_ROOT_CLASS = YES_ERROR;
				CLANG_WARN_UNREACHABLE_CODE = YES;
				CLANG_WARN__DUPLICATE_METHOD_MATCH = YES;
				"CODE_SIGN_IDENTITY[sdk=iphoneos*]" = "iPhone Developer";
				COPY_PHASE_STRIP = NO;
				DEBUG_INFORMATION_FORMAT = dwarf;
				ENABLE_STRICT_OBJC_MSGSEND = YES;
				ENABLE_TESTABILITY = YES;
				GCC_C_LANGUAGE_STANDARD = gnu99;
				GCC_DYNAMIC_NO_PIC = NO;
				GCC_NO_COMMON_BLOCKS = YES;
				GCC_OPTIMIZATION_LEVEL = 0;
				GCC_PREPROCESSOR_DEFINITIONS = (
					"DEBUG=1",
					"$(inherited)",
				);
				GCC_WARN_64_TO_32_BIT_CONVERSION = YES;
				GCC_WARN_ABOUT_RETURN_TYPE = YES_ERROR;
				GCC_WARN_UNDECLARED_SELECTOR = YES;
				GCC_WARN_UNINITIALIZED_AUTOS = YES_AGGRESSIVE;
				GCC_WARN_UNUSED_FUNCTION = YES;
				GCC_WARN_UNUSED_VARIABLE = YES;
				IPHONEOS_DEPLOYMENT_TARGET = 9.3;
				MTL_ENABLE_DEBUG_INFO = YES;
				ONLY_ACTIVE_ARCH = YES;
				SDKROOT = iphoneos;
				SWIFT_OPTIMIZATION_LEVEL = "-Onone";
			};
			name = Debug;
		};
		6F3466931D566E8400862CD5 /* Release */ = {
			isa = XCBuildConfiguration;
			buildSettings = {
				ALWAYS_SEARCH_USER_PATHS = NO;
				CLANG_ANALYZER_NONNULL = YES;
				CLANG_CXX_LANGUAGE_STANDARD = "gnu++0x";
				CLANG_CXX_LIBRARY = "libc++";
				CLANG_ENABLE_MODULES = YES;
				CLANG_ENABLE_OBJC_ARC = YES;
				CLANG_WARN_BOOL_CONVERSION = YES;
				CLANG_WARN_CONSTANT_CONVERSION = YES;
				CLANG_WARN_DIRECT_OBJC_ISA_USAGE = YES_ERROR;
				CLANG_WARN_EMPTY_BODY = YES;
				CLANG_WARN_ENUM_CONVERSION = YES;
				CLANG_WARN_INT_CONVERSION = YES;
				CLANG_WARN_OBJC_ROOT_CLASS = YES_ERROR;
				CLANG_WARN_UNREACHABLE_CODE = YES;
				CLANG_WARN__DUPLICATE_METHOD_MATCH = YES;
				"CODE_SIGN_IDENTITY[sdk=iphoneos*]" = "iPhone Developer";
				COPY_PHASE_STRIP = NO;
				DEBUG_INFORMATION_FORMAT = "dwarf-with-dsym";
				ENABLE_NS_ASSERTIONS = NO;
				ENABLE_STRICT_OBJC_MSGSEND = YES;
				GCC_C_LANGUAGE_STANDARD = gnu99;
				GCC_NO_COMMON_BLOCKS = YES;
				GCC_WARN_64_TO_32_BIT_CONVERSION = YES;
				GCC_WARN_ABOUT_RETURN_TYPE = YES_ERROR;
				GCC_WARN_UNDECLARED_SELECTOR = YES;
				GCC_WARN_UNINITIALIZED_AUTOS = YES_AGGRESSIVE;
				GCC_WARN_UNUSED_FUNCTION = YES;
				GCC_WARN_UNUSED_VARIABLE = YES;
				IPHONEOS_DEPLOYMENT_TARGET = 9.3;
				MTL_ENABLE_DEBUG_INFO = NO;
				SDKROOT = iphoneos;
				VALIDATE_PRODUCT = YES;
			};
			name = Release;
		};
		6F3466951D566E8400862CD5 /* Debug */ = {
			isa = XCBuildConfiguration;
			buildSettings = {
				ASSETCATALOG_COMPILER_APPICON_NAME = AppIcon;
				CODE_SIGN_IDENTITY = "iPhone Developer";
				"CODE_SIGN_IDENTITY[sdk=iphoneos*]" = "iPhone Developer";
				INFOPLIST_FILE = Flashlight/Info.plist;
				LD_RUNPATH_SEARCH_PATHS = "$(inherited) @executable_path/Frameworks";
				PRODUCT_BUNDLE_IDENTIFIER = edu.duke.scottyshaw.Flashlight;
				PRODUCT_NAME = "$(TARGET_NAME)";
				PROVISIONING_PROFILE = "";
			};
			name = Debug;
		};
		6F3466961D566E8400862CD5 /* Release */ = {
			isa = XCBuildConfiguration;
			buildSettings = {
				ASSETCATALOG_COMPILER_APPICON_NAME = AppIcon;
				CODE_SIGN_IDENTITY = "iPhone Developer";
				"CODE_SIGN_IDENTITY[sdk=iphoneos*]" = "iPhone Developer";
				INFOPLIST_FILE = Flashlight/Info.plist;
				LD_RUNPATH_SEARCH_PATHS = "$(inherited) @executable_path/Frameworks";
				PRODUCT_BUNDLE_IDENTIFIER = edu.duke.scottyshaw.Flashlight;
				PRODUCT_NAME = "$(TARGET_NAME)";
				PROVISIONING_PROFILE = "";
			};
			name = Release;
		};
		6F3466981D566E8400862CD5 /* Debug */ = {
			isa = XCBuildConfiguration;
			buildSettings = {
				BUNDLE_LOADER = "$(TEST_HOST)";
				INFOPLIST_FILE = FlashlightTests/Info.plist;
				LD_RUNPATH_SEARCH_PATHS = "$(inherited) @executable_path/Frameworks @loader_path/Frameworks";
				PRODUCT_BUNDLE_IDENTIFIER = edu.duke.scottyshaw.FlashlightTests;
				PRODUCT_NAME = "$(TARGET_NAME)";
				TEST_HOST = "$(BUILT_PRODUCTS_DIR)/Flashlight.app/Flashlight";
			};
			name = Debug;
		};
		6F3466991D566E8400862CD5 /* Release */ = {
			isa = XCBuildConfiguration;
			buildSettings = {
				BUNDLE_LOADER = "$(TEST_HOST)";
				INFOPLIST_FILE = FlashlightTests/Info.plist;
				LD_RUNPATH_SEARCH_PATHS = "$(inherited) @executable_path/Frameworks @loader_path/Frameworks";
				PRODUCT_BUNDLE_IDENTIFIER = edu.duke.scottyshaw.FlashlightTests;
				PRODUCT_NAME = "$(TARGET_NAME)";
				TEST_HOST = "$(BUILT_PRODUCTS_DIR)/Flashlight.app/Flashlight";
			};
			name = Release;
		};
/* End XCBuildConfiguration section */

/* Begin XCConfigurationList section */
		6F3466721D566E8300862CD5 /* Build configuration list for PBXProject "Flashlight" */ = {
			isa = XCConfigurationList;
			buildConfigurations = (
				6F3466921D566E8400862CD5 /* Debug */,
				6F3466931D566E8400862CD5 /* Release */,
			);
			defaultConfigurationIsVisible = 0;
			defaultConfigurationName = Release;
		};
		6F3466941D566E8400862CD5 /* Build configuration list for PBXNativeTarget "Flashlight" */ = {
			isa = XCConfigurationList;
			buildConfigurations = (
				6F3466951D566E8400862CD5 /* Debug */,
				6F3466961D566E8400862CD5 /* Release */,
			);
			defaultConfigurationIsVisible = 0;
		};
		6F3466971D566E8400862CD5 /* Build configuration list for PBXNativeTarget "FlashlightTests" */ = {
			isa = XCConfigurationList;
			buildConfigurations = (
				6F3466981D566E8400862CD5 /* Debug */,
				6F3466991D566E8400862CD5 /* Release */,
			);
			defaultConfigurationIsVisible = 0;
		};
/* End XCConfigurationList section */
	};
	rootObject = 6F34666F1D566E8300862CD5 /* Project object */;
}
